
Microsoft Visual Studio Solution File, Format Version 11.00
# Visual Studio 2010
# SharpDevelop 5.1
Project("{FAE04EC0-301F-11D3-BF4B-00C04F79EFBC}") = "ejercicio 2", "ejercicio 2\ejercicio 2.csproj", "{4D22654E-827D-4ECC-BB2F-674E75BC4403}"
EndProject
Global
	GlobalSection(SolutionConfigurationPlatforms) = preSolution
		Debug|Any CPU = Debug|Any CPU
		Release|Any CPU = Release|Any CPU
	EndGlobalSection
	GlobalSection(ProjectConfigurationPlatforms) = postSolution
		{4D22654E-827D-4ECC-BB2F-674E75BC4403}.Debug|Any CPU.ActiveCfg = Debug|Any CPU
		{4D22654E-827D-4ECC-BB2F-674E75BC4403}.Debug|Any CPU.Build.0 = Debug|Any CPU
		{4D22654E-827D-4ECC-BB2F-674E75BC4403}.Release|Any CPU.ActiveCfg = Release|Any CPU
		{4D22654E-827D-4ECC-BB2F-674E75BC4403}.Release|Any CPU.Build.0 = Release|Any CPU
	EndGlobalSection
EndGlobal
